
Microsoft Visual Studio Solution File, Format Version 12.00
# Visual Studio 15
VisualStudioVersion = 15.0.26124.0
MinimumVisualStudioVersion = 15.0.26124.0
Project("{FAE04EC0-301F-11D3-BF4B-00C04F79EFBC}") = "Text", "Text\Text.csproj", "{E6EF6DCF-1601-4215-802F-247ECD9B7432}"
EndProject
Project("{FAE04EC0-301F-11D3-BF4B-00C04F79EFBC}") = "Text.Tests", "Text.Tests\Text.Tests.csproj", "{4B7AACBB-378E-4A13-8CDE-C90F528C9A65}"
EndProject
Global
	GlobalSection(SolutionConfigurationPlatforms) = preSolution
		Debug|Any CPU = Debug|Any CPU
		Debug|x64 = Debug|x64
		Debug|x86 = Debug|x86
		Release|Any CPU = Release|Any CPU
		Release|x64 = Release|x64
		Release|x86 = Release|x86
	EndGlobalSection
	GlobalSection(SolutionProperties) = preSolution
		HideSolutionNode = FALSE
	EndGlobalSection
	GlobalSection(ProjectConfigurationPlatforms) = postSolution
		{E6EF6DCF-1601-4215-802F-247ECD9B7432}.Debug|Any CPU.ActiveCfg = Debug|Any CPU
		{E6EF6DCF-1601-4215-802F-247ECD9B7432}.Debug|Any CPU.Build.0 = Debug|Any CPU
		{E6EF6DCF-1601-4215-802F-247ECD9B7432}.Debug|x64.ActiveCfg = Debug|Any CPU
		{E6EF6DCF-1601-4215-802F-247ECD9B7432}.Debug|x64.Build.0 = Debug|Any CPU
		{E6EF6DCF-1601-4215-802F-247ECD9B7432}.Debug|x86.ActiveCfg = Debug|Any CPU
		{E6EF6DCF-1601-4215-802F-247ECD9B7432}.Debug|x86.Build.0 = Debug|Any CPU
		{E6EF6DCF-1601-4215-802F-247ECD9B7432}.Release|Any CPU.ActiveCfg = Release|Any CPU
		{E6EF6DCF-1601-4215-802F-247ECD9B7432}.Release|Any CPU.Build.0 = Release|Any CPU
		{E6EF6DCF-1601-4215-802F-247ECD9B7432}.Release|x64.ActiveCfg = Release|Any CPU
		{E6EF6DCF-1601-4215-802F-247ECD9B7432}.Release|x64.Build.0 = Release|Any CPU
		{E6EF6DCF-1601-4215-802F-247ECD9B7432}.Release|x86.ActiveCfg = Release|Any CPU
		{E6EF6DCF-1601-4215-802F-247ECD9B7432}.Release|x86.Build.0 = Release|Any CPU
		{4B7AACBB-378E-4A13-8CDE-C90F528C9A65}.Debug|Any CPU.ActiveCfg = Debug|Any CPU
		{4B7AACBB-378E-4A13-8CDE-C90F528C9A65}.Debug|Any CPU.Build.0 = Debug|Any CPU
		{4B7AACBB-378E-4A13-8CDE-C90F528C9A65}.Debug|x64.ActiveCfg = Debug|Any CPU
		{4B7AACBB-378E-4A13-8CDE-C90F528C9A65}.Debug|x64.Build.0 = Debug|Any CPU
		{4B7AACBB-378E-4A13-8CDE-C90F528C9A65}.Debug|x86.ActiveCfg = Debug|Any CPU
		{4B7AACBB-378E-4A13-8CDE-C90F528C9A65}.Debug|x86.Build.0 = Debug|Any CPU
		{4B7AACBB-378E-4A13-8CDE-C90F528C9A65}.Release|Any CPU.ActiveCfg = Release|Any CPU
		{4B7AACBB-378E-4A13-8CDE-C90F528C9A65}.Release|Any CPU.Build.0 = Release|Any CPU
		{4B7AACBB-378E-4A13-8CDE-C90F528C9A65}.Release|x64.ActiveCfg = Release|Any CPU
		{4B7AACBB-378E-4A13-8CDE-C90F528C9A65}.Release|x64.Build.0 = Release|Any CPU
		{4B7AACBB-378E-4A13-8CDE-C90F528C9A65}.Release|x86.ActiveCfg = Release|Any CPU
		{4B7AACBB-378E-4A13-8CDE-C90F528C9A65}.Release|x86.Build.0 = Release|Any CPU
	EndGlobalSection
EndGlobal
